
Microsoft Visual Studio Solution File, Format Version 12.00
# Visual Studio Version 17
VisualStudioVersion = 17.7.34031.279
MinimumVisualStudioVersion = 10.0.40219.1
Project("{9A19103F-16F7-4668-BE54-9A1E7A4F7556}") = "FP.Patterns.ChainOfResponsability.Exercice0", "FP.Patterns.ChainOfResponsability.Exercice0.csproj", "{E6DBCC05-B94A-460E-A39F-ABC08D2A0C17}"
EndProject
Project("{9A19103F-16F7-4668-BE54-9A1E7A4F7556}") = "FP.Patterns.ChainOfResponsability.Exercice1", "..\FP.Patterns.ChainOfResponsability.Exercice1\FP.Patterns.ChainOfResponsability.Exercice1.csproj", "{24953BFA-4C48-4850-AB84-4A31BD150135}"
EndProject
Project("{FAE04EC0-301F-11D3-BF4B-00C04F79EFBC}") = "FP.Patterns.ChainOfResponsability.Exercice2", "..\FP.Patterns.ChainOfResponsability.Exercice2\FP.Patterns.ChainOfResponsability.Exercice2.csproj", "{A119392B-698E-4584-AE97-5F7B3EAFE4F9}"
EndProject
Global
	GlobalSection(SolutionConfigurationPlatforms) = preSolution
		Debug|Any CPU = Debug|Any CPU
		Release|Any CPU = Release|Any CPU
	EndGlobalSection
	GlobalSection(ProjectConfigurationPlatforms) = postSolution
		{E6DBCC05-B94A-460E-A39F-ABC08D2A0C17}.Debug|Any CPU.ActiveCfg = Debug|Any CPU
		{E6DBCC05-B94A-460E-A39F-ABC08D2A0C17}.Debug|Any CPU.Build.0 = Debug|Any CPU
		{E6DBCC05-B94A-460E-A39F-ABC08D2A0C17}.Release|Any CPU.ActiveCfg = Release|Any CPU
		{E6DBCC05-B94A-460E-A39F-ABC08D2A0C17}.Release|Any CPU.Build.0 = Release|Any CPU
		{24953BFA-4C48-4850-AB84-4A31BD150135}.Debug|Any CPU.ActiveCfg = Debug|Any CPU
		{24953BFA-4C48-4850-AB84-4A31BD150135}.Debug|Any CPU.Build.0 = Debug|Any CPU
		{24953BFA-4C48-4850-AB84-4A31BD150135}.Release|Any CPU.ActiveCfg = Release|Any CPU
		{24953BFA-4C48-4850-AB84-4A31BD150135}.Release|Any CPU.Build.0 = Release|Any CPU
		{A119392B-698E-4584-AE97-5F7B3EAFE4F9}.Debug|Any CPU.ActiveCfg = Debug|Any CPU
		{A119392B-698E-4584-AE97-5F7B3EAFE4F9}.Debug|Any CPU.Build.0 = Debug|Any CPU
		{A119392B-698E-4584-AE97-5F7B3EAFE4F9}.Release|Any CPU.ActiveCfg = Release|Any CPU
		{A119392B-698E-4584-AE97-5F7B3EAFE4F9}.Release|Any CPU.Build.0 = Release|Any CPU
	EndGlobalSection
	GlobalSection(SolutionProperties) = preSolution
		HideSolutionNode = FALSE
	EndGlobalSection
	GlobalSection(ExtensibilityGlobals) = postSolution
		SolutionGuid = {421C6996-4644-4897-AE50-F84D69A6AF69}
	EndGlobalSection
EndGlobal
